# THIS IS AN AUTOGENERATED FILE. DO NOT EDIT THIS FILE DIRECTLY.
# yarn lockfile v1


"@types/node@^10.12.11":
  version "10.12.11"
  resolved "https://registry.yarnpkg.com/@types/node/-/node-10.12.11.tgz#715c476c99a5f6898a1ae61caf9825e43c03912e"
  integrity sha512-3iIOhNiPGTdcUNVCv9e5G7GotfvJJe2pc9w2UgDXlUwnxSZ3RgcUocIU+xYm+rTU54jIKih998QE4dMOyMN1NQ==

"altpackage@file:./../altpackage":
  version "0.0.1"
  dependencies:
    "@types/node" "^10.12.11"
